
Microsoft Visual Studio Solution File, Format Version 12.00
# Visual Studio Version 17
VisualStudioVersion = 17.2.32630.192
MinimumVisualStudioVersion = 10.0.40219.1
Project("{9A19103F-16F7-4668-BE54-9A1E7A4F7556}") = "R5T.S0092", "R5T.S0092\R5T.S0092.csproj", "{5096FEC1-C47F-437B-9DD9-0257F59CDDA3}"
EndProject
Project("{2150E333-8FDC-42A3-9474-1A3956D46DE8}") = "_Dependencies", "_Dependencies", "{21044150-B84B-4B07-8A63-4AFBEFEE3112}"
EndProject
Project("{9A19103F-16F7-4668-BE54-9A1E7A4F7556}") = "R5T.F0000", "..\..\R5T.F0000\source\R5T.F0000\R5T.F0000.csproj", "{EEAD9519-23A4-46C7-8245-4CA20E96F36B}"
EndProject
Project("{9A19103F-16F7-4668-BE54-9A1E7A4F7556}") = "R5T.F0002", "..\..\R5T.F0002\source\R5T.F0002\R5T.F0002.csproj", "{92984292-B39B-4199-B41A-327742CBE89F}"
EndProject
Project("{9A19103F-16F7-4668-BE54-9A1E7A4F7556}") = "R5T.F0120", "..\..\R5T.F0120\source\R5T.F0120\R5T.F0120.csproj", "{E1715988-05FA-4689-BABD-9452913698D6}"
EndProject
Project("{9A19103F-16F7-4668-BE54-9A1E7A4F7556}") = "R5T.F0124", "..\..\R5T.F0124\source\R5T.F0124\R5T.F0124.csproj", "{23B76811-6B5F-442E-A4BD-EF8D325C7124}"
EndProject
Project("{9A19103F-16F7-4668-BE54-9A1E7A4F7556}") = "R5T.F0125", "..\..\R5T.F0125\source\R5T.F0125\R5T.F0125.csproj", "{3F239265-B444-48E7-96F7-926D8FEC2347}"
EndProject
Project("{9A19103F-16F7-4668-BE54-9A1E7A4F7556}") = "R5T.L0030.T000", "..\..\R5T.L0030\source\R5T.L0030.T000\R5T.L0030.T000.csproj", "{916D8297-38CD-4C61-91C1-7233CC865B4D}"
EndProject
Project("{9A19103F-16F7-4668-BE54-9A1E7A4F7556}") = "R5T.L0030", "..\..\R5T.L0030\source\R5T.L0030\R5T.L0030.csproj", "{D35CD7DC-AE8F-42D5-B6D8-3820E85D09DE}"
EndProject
Project("{9A19103F-16F7-4668-BE54-9A1E7A4F7556}") = "R5T.L0034", "..\..\R5T.L0034\source\R5T.L0034\R5T.L0034.csproj", "{029AE93D-4EB0-4AC1-84F9-B130CF8CC9A3}"
EndProject
Project("{9A19103F-16F7-4668-BE54-9A1E7A4F7556}") = "R5T.L0035", "..\..\R5T.L0035\source\R5T.L0035\R5T.L0035.csproj", "{04F13A94-1191-4D71-981A-467708FE6F07}"
EndProject
Project("{9A19103F-16F7-4668-BE54-9A1E7A4F7556}") = "R5T.L0049", "..\..\R5T.L0049\source\R5T.L0049\R5T.L0049.csproj", "{1B7A6C6F-9E48-4B54-8142-A7B010592E6C}"
EndProject
Project("{9A19103F-16F7-4668-BE54-9A1E7A4F7556}") = "R5T.L0050.L001", "..\..\R5T.L0050\source\R5T.L0050.L001\R5T.L0050.L001.csproj", "{FA169303-0BB6-489D-9651-13BEA14AECFD}"
EndProject
Project("{9A19103F-16F7-4668-BE54-9A1E7A4F7556}") = "R5T.L0050", "..\..\R5T.L0050\source\R5T.L0050\R5T.L0050.csproj", "{E6A7FB5F-6686-493A-B601-20D06846DCD1}"
EndProject
Project("{9A19103F-16F7-4668-BE54-9A1E7A4F7556}") = "R5T.NG0022", "..\..\R5T.NG0022\source\R5T.NG0022\R5T.NG0022.csproj", "{44076776-8978-477D-BDCC-9C9AB859FAAD}"
EndProject
Project("{9A19103F-16F7-4668-BE54-9A1E7A4F7556}") = "R5T.T0131", "..\..\R5T.T0131\source\R5T.T0131\R5T.T0131.csproj", "{0DE692BA-83CB-4503-9CC0-5A3A71CCB206}"
EndProject
Project("{9A19103F-16F7-4668-BE54-9A1E7A4F7556}") = "R5T.T0132", "..\..\R5T.T0132\source\R5T.T0132\R5T.T0132.csproj", "{785C3F36-71E0-48EA-9F74-087AA3A9DA7E}"
EndProject
Project("{9A19103F-16F7-4668-BE54-9A1E7A4F7556}") = "R5T.T0142", "..\..\R5T.T0142\source\R5T.T0142\R5T.T0142.csproj", "{A4D7DBB6-2801-44B7-9CFC-D8E09A68B43A}"
EndProject
Project("{9A19103F-16F7-4668-BE54-9A1E7A4F7556}") = "R5T.T0143", "..\..\R5T.T0143\source\R5T.T0143\R5T.T0143.csproj", "{07AA316F-CBE6-432A-9FFF-9D38B99563C5}"
EndProject
Project("{9A19103F-16F7-4668-BE54-9A1E7A4F7556}") = "R5T.T0156", "..\..\R5T.T0156\source\R5T.T0156\R5T.T0156.csproj", "{40816B4E-44B1-4DC8-A634-9CF369F5274C}"
EndProject
Project("{9A19103F-16F7-4668-BE54-9A1E7A4F7556}") = "R5T.T0174", "..\..\R5T.T0174\source\R5T.T0174\R5T.T0174.csproj", "{E43FDF85-B49D-4C0A-A1DC-A333065BBF28}"
EndProject
Project("{9A19103F-16F7-4668-BE54-9A1E7A4F7556}") = "R5T.T0176", "..\..\R5T.T0176\source\R5T.T0176\R5T.T0176.csproj", "{556C6394-14C1-4C89-AD66-D3DC27A8254A}"
EndProject
Project("{9A19103F-16F7-4668-BE54-9A1E7A4F7556}") = "R5T.T0177", "..\..\R5T.T0177\source\R5T.T0177\R5T.T0177.csproj", "{47B4AA1B-8300-4448-8899-B923EC7A0BBB}"
EndProject
Project("{9A19103F-16F7-4668-BE54-9A1E7A4F7556}") = "R5T.T0178", "..\..\R5T.T0178\source\R5T.T0178\R5T.T0178.csproj", "{CB8E4FCE-4C8F-4265-8BF8-4439073276CC}"
EndProject
Project("{9A19103F-16F7-4668-BE54-9A1E7A4F7556}") = "R5T.T0179", "..\..\R5T.T0179\source\R5T.T0179\R5T.T0179.csproj", "{5104993E-97E9-49C6-9227-73AEDE2746DB}"
EndProject
Project("{9A19103F-16F7-4668-BE54-9A1E7A4F7556}") = "R5T.T0180", "..\..\R5T.T0180\source\R5T.T0180\R5T.T0180.csproj", "{2C05CA9C-1FAF-41FA-B5CD-2FD1010CB51D}"
EndProject
Project("{9A19103F-16F7-4668-BE54-9A1E7A4F7556}") = "R5T.T0181", "..\..\R5T.T0181\source\R5T.T0181\R5T.T0181.csproj", "{95C3FF71-AD44-4D8C-A5C7-DD50E3EAD992}"
EndProject
Project("{9A19103F-16F7-4668-BE54-9A1E7A4F7556}") = "R5T.T0185", "..\..\R5T.T0185\source\R5T.T0185\R5T.T0185.csproj", "{725D0D2F-F04A-4BEE-BA5B-7F24B1E4FD1D}"
EndProject
Project("{9A19103F-16F7-4668-BE54-9A1E7A4F7556}") = "R5T.T0199", "..\..\R5T.T0199\source\R5T.T0199\R5T.T0199.csproj", "{2FD598F7-4B6E-4CF8-88C2-CBCDB3A10B32}"
EndProject
Project("{9A19103F-16F7-4668-BE54-9A1E7A4F7556}") = "R5T.T0203", "..\..\R5T.T0203\source\R5T.T0203\R5T.T0203.csproj", "{2226C759-3FD8-46F3-B6FD-9E75EFEB260D}"
EndProject
Project("{9A19103F-16F7-4668-BE54-9A1E7A4F7556}") = "R5T.T0220", "..\..\R5T.T0220\source\R5T.T0220\R5T.T0220.csproj", "{47902365-7020-453C-97EE-51B455A14E91}"
EndProject
Project("{9A19103F-16F7-4668-BE54-9A1E7A4F7556}") = "R5T.T0221", "..\..\R5T.T0221\source\R5T.T0221\R5T.T0221.csproj", "{5A3A0E90-09D9-43D6-85E6-82D2E60E959E}"
EndProject
Project("{9A19103F-16F7-4668-BE54-9A1E7A4F7556}") = "R5T.Y0000", "..\..\R5T.Y0000\source\R5T.Y0000\R5T.Y0000.csproj", "{38AB4173-2951-4EB9-A20F-1DD25A3DAFB1}"
EndProject
Project("{9A19103F-16F7-4668-BE54-9A1E7A4F7556}") = "R5T.Z0000", "..\..\R5T.Z0000\source\R5T.Z0000\R5T.Z0000.csproj", "{DAEB60F0-B34C-40F1-A34B-244698806DA7}"
EndProject
Project("{9A19103F-16F7-4668-BE54-9A1E7A4F7556}") = "R5T.T0141", "..\..\R5T.T0141\source\R5T.T0141\R5T.T0141.csproj", "{4C9E3E64-8DDA-4F01-A719-27EEC5EFC75C}"
EndProject
Global
	GlobalSection(NestedProjects) = preSolution
		{EEAD9519-23A4-46C7-8245-4CA20E96F36B} = {21044150-B84B-4B07-8A63-4AFBEFEE3112}
		{92984292-B39B-4199-B41A-327742CBE89F} = {21044150-B84B-4B07-8A63-4AFBEFEE3112}
		{E1715988-05FA-4689-BABD-9452913698D6} = {21044150-B84B-4B07-8A63-4AFBEFEE3112}
		{23B76811-6B5F-442E-A4BD-EF8D325C7124} = {21044150-B84B-4B07-8A63-4AFBEFEE3112}
		{3F239265-B444-48E7-96F7-926D8FEC2347} = {21044150-B84B-4B07-8A63-4AFBEFEE3112}
		{916D8297-38CD-4C61-91C1-7233CC865B4D} = {21044150-B84B-4B07-8A63-4AFBEFEE3112}
		{D35CD7DC-AE8F-42D5-B6D8-3820E85D09DE} = {21044150-B84B-4B07-8A63-4AFBEFEE3112}
		{029AE93D-4EB0-4AC1-84F9-B130CF8CC9A3} = {21044150-B84B-4B07-8A63-4AFBEFEE3112}
		{04F13A94-1191-4D71-981A-467708FE6F07} = {21044150-B84B-4B07-8A63-4AFBEFEE3112}
		{1B7A6C6F-9E48-4B54-8142-A7B010592E6C} = {21044150-B84B-4B07-8A63-4AFBEFEE3112}
		{FA169303-0BB6-489D-9651-13BEA14AECFD} = {21044150-B84B-4B07-8A63-4AFBEFEE3112}
		{E6A7FB5F-6686-493A-B601-20D06846DCD1} = {21044150-B84B-4B07-8A63-4AFBEFEE3112}
		{44076776-8978-477D-BDCC-9C9AB859FAAD} = {21044150-B84B-4B07-8A63-4AFBEFEE3112}
		{0DE692BA-83CB-4503-9CC0-5A3A71CCB206} = {21044150-B84B-4B07-8A63-4AFBEFEE3112}
		{785C3F36-71E0-48EA-9F74-087AA3A9DA7E} = {21044150-B84B-4B07-8A63-4AFBEFEE3112}
		{A4D7DBB6-2801-44B7-9CFC-D8E09A68B43A} = {21044150-B84B-4B07-8A63-4AFBEFEE3112}
		{07AA316F-CBE6-432A-9FFF-9D38B99563C5} = {21044150-B84B-4B07-8A63-4AFBEFEE3112}
		{40816B4E-44B1-4DC8-A634-9CF369F5274C} = {21044150-B84B-4B07-8A63-4AFBEFEE3112}
		{E43FDF85-B49D-4C0A-A1DC-A333065BBF28} = {21044150-B84B-4B07-8A63-4AFBEFEE3112}
		{556C6394-14C1-4C89-AD66-D3DC27A8254A} = {21044150-B84B-4B07-8A63-4AFBEFEE3112}
		{47B4AA1B-8300-4448-8899-B923EC7A0BBB} = {21044150-B84B-4B07-8A63-4AFBEFEE3112}
		{CB8E4FCE-4C8F-4265-8BF8-4439073276CC} = {21044150-B84B-4B07-8A63-4AFBEFEE3112}
		{5104993E-97E9-49C6-9227-73AEDE2746DB} = {21044150-B84B-4B07-8A63-4AFBEFEE3112}
		{2C05CA9C-1FAF-41FA-B5CD-2FD1010CB51D} = {21044150-B84B-4B07-8A63-4AFBEFEE3112}
		{95C3FF71-AD44-4D8C-A5C7-DD50E3EAD992} = {21044150-B84B-4B07-8A63-4AFBEFEE3112}
		{725D0D2F-F04A-4BEE-BA5B-7F24B1E4FD1D} = {21044150-B84B-4B07-8A63-4AFBEFEE3112}
		{2FD598F7-4B6E-4CF8-88C2-CBCDB3A10B32} = {21044150-B84B-4B07-8A63-4AFBEFEE3112}
		{2226C759-3FD8-46F3-B6FD-9E75EFEB260D} = {21044150-B84B-4B07-8A63-4AFBEFEE3112}
		{47902365-7020-453C-97EE-51B455A14E91} = {21044150-B84B-4B07-8A63-4AFBEFEE3112}
		{5A3A0E90-09D9-43D6-85E6-82D2E60E959E} = {21044150-B84B-4B07-8A63-4AFBEFEE3112}
		{38AB4173-2951-4EB9-A20F-1DD25A3DAFB1} = {21044150-B84B-4B07-8A63-4AFBEFEE3112}
		{DAEB60F0-B34C-40F1-A34B-244698806DA7} = {21044150-B84B-4B07-8A63-4AFBEFEE3112}
		{4C9E3E64-8DDA-4F01-A719-27EEC5EFC75C} = {21044150-B84B-4B07-8A63-4AFBEFEE3112}
	EndGlobalSection
	GlobalSection(SolutionConfigurationPlatforms) = preSolution
		Debug|Any CPU = Debug|Any CPU
		Release|Any CPU = Release|Any CPU
	EndGlobalSection
	GlobalSection(ProjectConfigurationPlatforms) = postSolution
		{5096FEC1-C47F-437B-9DD9-0257F59CDDA3}.Debug|Any CPU.ActiveCfg = Debug|Any CPU
		{5096FEC1-C47F-437B-9DD9-0257F59CDDA3}.Debug|Any CPU.Build.0 = Debug|Any CPU
		{5096FEC1-C47F-437B-9DD9-0257F59CDDA3}.Release|Any CPU.ActiveCfg = Release|Any CPU
		{5096FEC1-C47F-437B-9DD9-0257F59CDDA3}.Release|Any CPU.Build.0 = Release|Any CPU
		{EEAD9519-23A4-46C7-8245-4CA20E96F36B}.Debug|Any CPU.ActiveCfg = Debug|Any CPU
		{EEAD9519-23A4-46C7-8245-4CA20E96F36B}.Debug|Any CPU.Build.0 = Debug|Any CPU
		{EEAD9519-23A4-46C7-8245-4CA20E96F36B}.Release|Any CPU.ActiveCfg = Release|Any CPU
		{EEAD9519-23A4-46C7-8245-4CA20E96F36B}.Release|Any CPU.Build.0 = Release|Any CPU
		{92984292-B39B-4199-B41A-327742CBE89F}.Debug|Any CPU.ActiveCfg = Debug|Any CPU
		{92984292-B39B-4199-B41A-327742CBE89F}.Debug|Any CPU.Build.0 = Debug|Any CPU
		{92984292-B39B-4199-B41A-327742CBE89F}.Release|Any CPU.ActiveCfg = Release|Any CPU
		{92984292-B39B-4199-B41A-327742CBE89F}.Release|Any CPU.Build.0 = Release|Any CPU
		{E1715988-05FA-4689-BABD-9452913698D6}.Debug|Any CPU.ActiveCfg = Debug|Any CPU
		{E1715988-05FA-4689-BABD-9452913698D6}.Debug|Any CPU.Build.0 = Debug|Any CPU
		{E1715988-05FA-4689-BABD-9452913698D6}.Release|Any CPU.ActiveCfg = Release|Any CPU
		{E1715988-05FA-4689-BABD-9452913698D6}.Release|Any CPU.Build.0 = Release|Any CPU
		{23B76811-6B5F-442E-A4BD-EF8D325C7124}.Debug|Any CPU.ActiveCfg = Debug|Any CPU
		{23B76811-6B5F-442E-A4BD-EF8D325C7124}.Debug|Any CPU.Build.0 = Debug|Any CPU
		{23B76811-6B5F-442E-A4BD-EF8D325C7124}.Release|Any CPU.ActiveCfg = Release|Any CPU
		{23B76811-6B5F-442E-A4BD-EF8D325C7124}.Release|Any CPU.Build.0 = Release|Any CPU
		{3F239265-B444-48E7-96F7-926D8FEC2347}.Debug|Any CPU.ActiveCfg = Debug|Any CPU
		{3F239265-B444-48E7-96F7-926D8FEC2347}.Debug|Any CPU.Build.0 = Debug|Any CPU
		{3F239265-B444-48E7-96F7-926D8FEC2347}.Release|Any CPU.ActiveCfg = Release|Any CPU
		{3F239265-B444-48E7-96F7-926D8FEC2347}.Release|Any CPU.Build.0 = Release|Any CPU
		{916D8297-38CD-4C61-91C1-7233CC865B4D}.Debug|Any CPU.ActiveCfg = Debug|Any CPU
		{916D8297-38CD-4C61-91C1-7233CC865B4D}.Debug|Any CPU.Build.0 = Debug|Any CPU
		{916D8297-38CD-4C61-91C1-7233CC865B4D}.Release|Any CPU.ActiveCfg = Release|Any CPU
		{916D8297-38CD-4C61-91C1-7233CC865B4D}.Release|Any CPU.Build.0 = Release|Any CPU
		{D35CD7DC-AE8F-42D5-B6D8-3820E85D09DE}.Debug|Any CPU.ActiveCfg = Debug|Any CPU
		{D35CD7DC-AE8F-42D5-B6D8-3820E85D09DE}.Debug|Any CPU.Build.0 = Debug|Any CPU
		{D35CD7DC-AE8F-42D5-B6D8-3820E85D09DE}.Release|Any CPU.ActiveCfg = Release|Any CPU
		{D35CD7DC-AE8F-42D5-B6D8-3820E85D09DE}.Release|Any CPU.Build.0 = Release|Any CPU
		{029AE93D-4EB0-4AC1-84F9-B130CF8CC9A3}.Debug|Any CPU.ActiveCfg = Debug|Any CPU
		{029AE93D-4EB0-4AC1-84F9-B130CF8CC9A3}.Debug|Any CPU.Build.0 = Debug|Any CPU
		{029AE93D-4EB0-4AC1-84F9-B130CF8CC9A3}.Release|Any CPU.ActiveCfg = Release|Any CPU
		{029AE93D-4EB0-4AC1-84F9-B130CF8CC9A3}.Release|Any CPU.Build.0 = Release|Any CPU
		{04F13A94-1191-4D71-981A-467708FE6F07}.Debug|Any CPU.ActiveCfg = Debug|Any CPU
		{04F13A94-1191-4D71-981A-467708FE6F07}.Debug|Any CPU.Build.0 = Debug|Any CPU
		{04F13A94-1191-4D71-981A-467708FE6F07}.Release|Any CPU.ActiveCfg = Release|Any CPU
		{04F13A94-1191-4D71-981A-467708FE6F07}.Release|Any CPU.Build.0 = Release|Any CPU
		{1B7A6C6F-9E48-4B54-8142-A7B010592E6C}.Debug|Any CPU.ActiveCfg = Debug|Any CPU
		{1B7A6C6F-9E48-4B54-8142-A7B010592E6C}.Debug|Any CPU.Build.0 = Debug|Any CPU
		{1B7A6C6F-9E48-4B54-8142-A7B010592E6C}.Release|Any CPU.ActiveCfg = Release|Any CPU
		{1B7A6C6F-9E48-4B54-8142-A7B010592E6C}.Release|Any CPU.Build.0 = Release|Any CPU
		{FA169303-0BB6-489D-9651-13BEA14AECFD}.Debug|Any CPU.ActiveCfg = Debug|Any CPU
		{FA169303-0BB6-489D-9651-13BEA14AECFD}.Debug|Any CPU.Build.0 = Debug|Any CPU
		{FA169303-0BB6-489D-9651-13BEA14AECFD}.Release|Any CPU.ActiveCfg = Release|Any CPU
		{FA169303-0BB6-489D-9651-13BEA14AECFD}.Release|Any CPU.Build.0 = Release|Any CPU
		{E6A7FB5F-6686-493A-B601-20D06846DCD1}.Debug|Any CPU.ActiveCfg = Debug|Any CPU
		{E6A7FB5F-6686-493A-B601-20D06846DCD1}.Debug|Any CPU.Build.0 = Debug|Any CPU
		{E6A7FB5F-6686-493A-B601-20D06846DCD1}.Release|Any CPU.ActiveCfg = Release|Any CPU
		{E6A7FB5F-6686-493A-B601-20D06846DCD1}.Release|Any CPU.Build.0 = Release|Any CPU
		{44076776-8978-477D-BDCC-9C9AB859FAAD}.Debug|Any CPU.ActiveCfg = Debug|Any CPU
		{44076776-8978-477D-BDCC-9C9AB859FAAD}.Debug|Any CPU.Build.0 = Debug|Any CPU
		{44076776-8978-477D-BDCC-9C9AB859FAAD}.Release|Any CPU.ActiveCfg = Release|Any CPU
		{44076776-8978-477D-BDCC-9C9AB859FAAD}.Release|Any CPU.Build.0 = Release|Any CPU
		{0DE692BA-83CB-4503-9CC0-5A3A71CCB206}.Debug|Any CPU.ActiveCfg = Debug|Any CPU
		{0DE692BA-83CB-4503-9CC0-5A3A71CCB206}.Debug|Any CPU.Build.0 = Debug|Any CPU
		{0DE692BA-83CB-4503-9CC0-5A3A71CCB206}.Release|Any CPU.ActiveCfg = Release|Any CPU
		{0DE692BA-83CB-4503-9CC0-5A3A71CCB206}.Release|Any CPU.Build.0 = Release|Any CPU
		{785C3F36-71E0-48EA-9F74-087AA3A9DA7E}.Debug|Any CPU.ActiveCfg = Debug|Any CPU
		{785C3F36-71E0-48EA-9F74-087AA3A9DA7E}.Debug|Any CPU.Build.0 = Debug|Any CPU
		{785C3F36-71E0-48EA-9F74-087AA3A9DA7E}.Release|Any CPU.ActiveCfg = Release|Any CPU
		{785C3F36-71E0-48EA-9F74-087AA3A9DA7E}.Release|Any CPU.Build.0 = Release|Any CPU
		{A4D7DBB6-2801-44B7-9CFC-D8E09A68B43A}.Debug|Any CPU.ActiveCfg = Debug|Any CPU
		{A4D7DBB6-2801-44B7-9CFC-D8E09A68B43A}.Debug|Any CPU.Build.0 = Debug|Any CPU
		{A4D7DBB6-2801-44B7-9CFC-D8E09A68B43A}.Release|Any CPU.ActiveCfg = Release|Any CPU
		{A4D7DBB6-2801-44B7-9CFC-D8E09A68B43A}.Release|Any CPU.Build.0 = Release|Any CPU
		{07AA316F-CBE6-432A-9FFF-9D38B99563C5}.Debug|Any CPU.ActiveCfg = Debug|Any CPU
		{07AA316F-CBE6-432A-9FFF-9D38B99563C5}.Debug|Any CPU.Build.0 = Debug|Any CPU
		{07AA316F-CBE6-432A-9FFF-9D38B99563C5}.Release|Any CPU.ActiveCfg = Release|Any CPU
		{07AA316F-CBE6-432A-9FFF-9D38B99563C5}.Release|Any CPU.Build.0 = Release|Any CPU
		{40816B4E-44B1-4DC8-A634-9CF369F5274C}.Debug|Any CPU.ActiveCfg = Debug|Any CPU
		{40816B4E-44B1-4DC8-A634-9CF369F5274C}.Debug|Any CPU.Build.0 = Debug|Any CPU
		{40816B4E-44B1-4DC8-A634-9CF369F5274C}.Release|Any CPU.ActiveCfg = Release|Any CPU
		{40816B4E-44B1-4DC8-A634-9CF369F5274C}.Release|Any CPU.Build.0 = Release|Any CPU
		{E43FDF85-B49D-4C0A-A1DC-A333065BBF28}.Debug|Any CPU.ActiveCfg = Debug|Any CPU
		{E43FDF85-B49D-4C0A-A1DC-A333065BBF28}.Debug|Any CPU.Build.0 = Debug|Any CPU
		{E43FDF85-B49D-4C0A-A1DC-A333065BBF28}.Release|Any CPU.ActiveCfg = Release|Any CPU
		{E43FDF85-B49D-4C0A-A1DC-A333065BBF28}.Release|Any CPU.Build.0 = Release|Any CPU
		{556C6394-14C1-4C89-AD66-D3DC27A8254A}.Debug|Any CPU.ActiveCfg = Debug|Any CPU
		{556C6394-14C1-4C89-AD66-D3DC27A8254A}.Debug|Any CPU.Build.0 = Debug|Any CPU
		{556C6394-14C1-4C89-AD66-D3DC27A8254A}.Release|Any CPU.ActiveCfg = Release|Any CPU
		{556C6394-14C1-4C89-AD66-D3DC27A8254A}.Release|Any CPU.Build.0 = Release|Any CPU
		{47B4AA1B-8300-4448-8899-B923EC7A0BBB}.Debug|Any CPU.ActiveCfg = Debug|Any CPU
		{47B4AA1B-8300-4448-8899-B923EC7A0BBB}.Debug|Any CPU.Build.0 = Debug|Any CPU
		{47B4AA1B-8300-4448-8899-B923EC7A0BBB}.Release|Any CPU.ActiveCfg = Release|Any CPU
		{47B4AA1B-8300-4448-8899-B923EC7A0BBB}.Release|Any CPU.Build.0 = Release|Any CPU
		{CB8E4FCE-4C8F-4265-8BF8-4439073276CC}.Debug|Any CPU.ActiveCfg = Debug|Any CPU
		{CB8E4FCE-4C8F-4265-8BF8-4439073276CC}.Debug|Any CPU.Build.0 = Debug|Any CPU
		{CB8E4FCE-4C8F-4265-8BF8-4439073276CC}.Release|Any CPU.ActiveCfg = Release|Any CPU
		{CB8E4FCE-4C8F-4265-8BF8-4439073276CC}.Release|Any CPU.Build.0 = Release|Any CPU
		{5104993E-97E9-49C6-9227-73AEDE2746DB}.Debug|Any CPU.ActiveCfg = Debug|Any CPU
		{5104993E-97E9-49C6-9227-73AEDE2746DB}.Debug|Any CPU.Build.0 = Debug|Any CPU
		{5104993E-97E9-49C6-9227-73AEDE2746DB}.Release|Any CPU.ActiveCfg = Release|Any CPU
		{5104993E-97E9-49C6-9227-73AEDE2746DB}.Release|Any CPU.Build.0 = Release|Any CPU
		{2C05CA9C-1FAF-41FA-B5CD-2FD1010CB51D}.Debug|Any CPU.ActiveCfg = Debug|Any CPU
		{2C05CA9C-1FAF-41FA-B5CD-2FD1010CB51D}.Debug|Any CPU.Build.0 = Debug|Any CPU
		{2C05CA9C-1FAF-41FA-B5CD-2FD1010CB51D}.Release|Any CPU.ActiveCfg = Release|Any CPU
		{2C05CA9C-1FAF-41FA-B5CD-2FD1010CB51D}.Release|Any CPU.Build.0 = Release|Any CPU
		{95C3FF71-AD44-4D8C-A5C7-DD50E3EAD992}.Debug|Any CPU.ActiveCfg = Debug|Any CPU
		{95C3FF71-AD44-4D8C-A5C7-DD50E3EAD992}.Debug|Any CPU.Build.0 = Debug|Any CPU
		{95C3FF71-AD44-4D8C-A5C7-DD50E3EAD992}.Release|Any CPU.ActiveCfg = Release|Any CPU
		{95C3FF71-AD44-4D8C-A5C7-DD50E3EAD992}.Release|Any CPU.Build.0 = Release|Any CPU
		{725D0D2F-F04A-4BEE-BA5B-7F24B1E4FD1D}.Debug|Any CPU.ActiveCfg = Debug|Any CPU
		{725D0D2F-F04A-4BEE-BA5B-7F24B1E4FD1D}.Debug|Any CPU.Build.0 = Debug|Any CPU
		{725D0D2F-F04A-4BEE-BA5B-7F24B1E4FD1D}.Release|Any CPU.ActiveCfg = Release|Any CPU
		{725D0D2F-F04A-4BEE-BA5B-7F24B1E4FD1D}.Release|Any CPU.Build.0 = Release|Any CPU
		{2FD598F7-4B6E-4CF8-88C2-CBCDB3A10B32}.Debug|Any CPU.ActiveCfg = Debug|Any CPU
		{2FD598F7-4B6E-4CF8-88C2-CBCDB3A10B32}.Debug|Any CPU.Build.0 = Debug|Any CPU
		{2FD598F7-4B6E-4CF8-88C2-CBCDB3A10B32}.Release|Any CPU.ActiveCfg = Release|Any CPU
		{2FD598F7-4B6E-4CF8-88C2-CBCDB3A10B32}.Release|Any CPU.Build.0 = Release|Any CPU
		{2226C759-3FD8-46F3-B6FD-9E75EFEB260D}.Debug|Any CPU.ActiveCfg = Debug|Any CPU
		{2226C759-3FD8-46F3-B6FD-9E75EFEB260D}.Debug|Any CPU.Build.0 = Debug|Any CPU
		{2226C759-3FD8-46F3-B6FD-9E75EFEB260D}.Release|Any CPU.ActiveCfg = Release|Any CPU
		{2226C759-3FD8-46F3-B6FD-9E75EFEB260D}.Release|Any CPU.Build.0 = Release|Any CPU
		{47902365-7020-453C-97EE-51B455A14E91}.Debug|Any CPU.ActiveCfg = Debug|Any CPU
		{47902365-7020-453C-97EE-51B455A14E91}.Debug|Any CPU.Build.0 = Debug|Any CPU
		{47902365-7020-453C-97EE-51B455A14E91}.Release|Any CPU.ActiveCfg = Release|Any CPU
		{47902365-7020-453C-97EE-51B455A14E91}.Release|Any CPU.Build.0 = Release|Any CPU
		{5A3A0E90-09D9-43D6-85E6-82D2E60E959E}.Debug|Any CPU.ActiveCfg = Debug|Any CPU
		{5A3A0E90-09D9-43D6-85E6-82D2E60E959E}.Debug|Any CPU.Build.0 = Debug|Any CPU
		{5A3A0E90-09D9-43D6-85E6-82D2E60E959E}.Release|Any CPU.ActiveCfg = Release|Any CPU
		{5A3A0E90-09D9-43D6-85E6-82D2E60E959E}.Release|Any CPU.Build.0 = Release|Any CPU
		{38AB4173-2951-4EB9-A20F-1DD25A3DAFB1}.Debug|Any CPU.ActiveCfg = Debug|Any CPU
		{38AB4173-2951-4EB9-A20F-1DD25A3DAFB1}.Debug|Any CPU.Build.0 = Debug|Any CPU
		{38AB4173-2951-4EB9-A20F-1DD25A3DAFB1}.Release|Any CPU.ActiveCfg = Release|Any CPU
		{38AB4173-2951-4EB9-A20F-1DD25A3DAFB1}.Release|Any CPU.Build.0 = Release|Any CPU
		{DAEB60F0-B34C-40F1-A34B-244698806DA7}.Debug|Any CPU.ActiveCfg = Debug|Any CPU
		{DAEB60F0-B34C-40F1-A34B-244698806DA7}.Debug|Any CPU.Build.0 = Debug|Any CPU
		{DAEB60F0-B34C-40F1-A34B-244698806DA7}.Release|Any CPU.ActiveCfg = Release|Any CPU
		{DAEB60F0-B34C-40F1-A34B-244698806DA7}.Release|Any CPU.Build.0 = Release|Any CPU
		{4C9E3E64-8DDA-4F01-A719-27EEC5EFC75C}.Debug|Any CPU.ActiveCfg = Debug|Any CPU
		{4C9E3E64-8DDA-4F01-A719-27EEC5EFC75C}.Debug|Any CPU.Build.0 = Debug|Any CPU
		{4C9E3E64-8DDA-4F01-A719-27EEC5EFC75C}.Release|Any CPU.ActiveCfg = Release|Any CPU
		{4C9E3E64-8DDA-4F01-A719-27EEC5EFC75C}.Release|Any CPU.Build.0 = Release|Any CPU
	EndGlobalSection
	GlobalSection(SolutionProperties) = preSolution
		HideSolutionNode = FALSE
	EndGlobalSection
	GlobalSection(ExtensibilityGlobals) = postSolution
		SolutionGuid = {AB0B4793-3F71-4C19-B4A0-E455E92CCBBF}
	EndGlobalSection
EndGlobal
